
Microsoft Visual Studio Solution File, Format Version 11.00
# Visual Studio 2010
Project("{FAE04EC0-301F-11D3-BF4B-00C04F79EFBC}") = "Assembly-CSharp", "Assembly-CSharp.csproj", "{3a162357-c62d-2290-6049-c60063d3a21f}"
EndProject
Global
	GlobalSection(SolutionConfigurationPlatforms) = preSolution
		Debug|Any CPU = Debug|Any CPU
		Release|Any CPU = Release|Any CPU
	EndGlobalSection
	GlobalSection(ProjectConfigurationPlatforms) = postSolution
		{3a162357-c62d-2290-6049-c60063d3a21f}.Debug|Any CPU.ActiveCfg = Debug|Any CPU
		{3a162357-c62d-2290-6049-c60063d3a21f}.Debug|Any CPU.Build.0 = Debug|Any CPU
		{3a162357-c62d-2290-6049-c60063d3a21f}.Release|Any CPU.ActiveCfg = Release|Any CPU
		{3a162357-c62d-2290-6049-c60063d3a21f}.Release|Any CPU.Build.0 = Release|Any CPU
	EndGlobalSection
	GlobalSection(SolutionProperties) = preSolution
		HideSolutionNode = FALSE
	EndGlobalSection
EndGlobal
