
Microsoft Visual Studio Solution File, Format Version 12.00
Project("{FAE04EC0-301F-11D3-BF4B-00C04F79EFBC}") = "SwimClientSharp", "SwimClientSharp\SwimClientSharp.csproj", "{AABAC135-47F0-4A08-8B95-FC08D0F14CDC}"
EndProject
Global
	GlobalSection(SolutionConfigurationPlatforms) = preSolution
		Debug|Any CPU = Debug|Any CPU
		Release|Any CPU = Release|Any CPU
	EndGlobalSection
	GlobalSection(ProjectConfigurationPlatforms) = postSolution
		{AABAC135-47F0-4A08-8B95-FC08D0F14CDC}.Debug|Any CPU.ActiveCfg = Debug|Any CPU
		{AABAC135-47F0-4A08-8B95-FC08D0F14CDC}.Debug|Any CPU.Build.0 = Debug|Any CPU
		{AABAC135-47F0-4A08-8B95-FC08D0F14CDC}.Release|Any CPU.ActiveCfg = Release|Any CPU
		{AABAC135-47F0-4A08-8B95-FC08D0F14CDC}.Release|Any CPU.Build.0 = Release|Any CPU
	EndGlobalSection
EndGlobal
