
Microsoft Visual Studio Solution File, Format Version 12.00
# Visual Studio Version 16
VisualStudioVersion = 16.0.30114.105
MinimumVisualStudioVersion = 10.0.40219.1
Project("{FAE04EC0-301F-11D3-BF4B-00C04F79EFBC}") = "Sgbd1", "Sgbd1.csproj", "{100F47B1-C865-4835-BC30-ABA99F0F6E0F}"
EndProject
Global
	GlobalSection(SolutionConfigurationPlatforms) = preSolution
		Debug|Any CPU = Debug|Any CPU
		Release|Any CPU = Release|Any CPU
	EndGlobalSection
	GlobalSection(ProjectConfigurationPlatforms) = postSolution
		{100F47B1-C865-4835-BC30-ABA99F0F6E0F}.Debug|Any CPU.ActiveCfg = Debug|Any CPU
		{100F47B1-C865-4835-BC30-ABA99F0F6E0F}.Debug|Any CPU.Build.0 = Debug|Any CPU
		{100F47B1-C865-4835-BC30-ABA99F0F6E0F}.Release|Any CPU.ActiveCfg = Release|Any CPU
		{100F47B1-C865-4835-BC30-ABA99F0F6E0F}.Release|Any CPU.Build.0 = Release|Any CPU
	EndGlobalSection
	GlobalSection(SolutionProperties) = preSolution
		HideSolutionNode = FALSE
	EndGlobalSection
	GlobalSection(ExtensibilityGlobals) = postSolution
		SolutionGuid = {AB0622C7-D202-43CE-A0CD-15887EE34FDD}
	EndGlobalSection
EndGlobal
