
Microsoft Visual Studio Solution File, Format Version 12.00
Project("{FAE04EC0-301F-11D3-BF4B-00C04F79EFBC}") = "lab1_csharp", "lab1_csharp.csproj", "{BEFCA047-D362-434D-9DD6-9A4806360DF4}"
EndProject
Global
	GlobalSection(SolutionConfigurationPlatforms) = preSolution
		Debug|Any CPU = Debug|Any CPU
		Release|Any CPU = Release|Any CPU
	EndGlobalSection
	GlobalSection(ProjectConfigurationPlatforms) = postSolution
		{BEFCA047-D362-434D-9DD6-9A4806360DF4}.Debug|Any CPU.ActiveCfg = Debug|Any CPU
		{BEFCA047-D362-434D-9DD6-9A4806360DF4}.Debug|Any CPU.Build.0 = Debug|Any CPU
		{BEFCA047-D362-434D-9DD6-9A4806360DF4}.Release|Any CPU.ActiveCfg = Release|Any CPU
		{BEFCA047-D362-434D-9DD6-9A4806360DF4}.Release|Any CPU.Build.0 = Release|Any CPU
	EndGlobalSection
EndGlobal
