
Microsoft Visual Studio Solution File, Format Version 12.00
# Visual Studio Version 16
VisualStudioVersion = 16.0.30114.105
MinimumVisualStudioVersion = 10.0.40219.1
Project("{FAE04EC0-301F-11D3-BF4B-00C04F79EFBC}") = "Lab2Sharp", "Lab2Sharp.csproj", "{61657A7F-6D12-4700-9906-E555B0E2BE04}"
EndProject
Global
	GlobalSection(SolutionConfigurationPlatforms) = preSolution
		Debug|Any CPU = Debug|Any CPU
		Release|Any CPU = Release|Any CPU
	EndGlobalSection
	GlobalSection(ProjectConfigurationPlatforms) = postSolution
		{61657A7F-6D12-4700-9906-E555B0E2BE04}.Debug|Any CPU.ActiveCfg = Debug|Any CPU
		{61657A7F-6D12-4700-9906-E555B0E2BE04}.Debug|Any CPU.Build.0 = Debug|Any CPU
		{61657A7F-6D12-4700-9906-E555B0E2BE04}.Release|Any CPU.ActiveCfg = Release|Any CPU
		{61657A7F-6D12-4700-9906-E555B0E2BE04}.Release|Any CPU.Build.0 = Release|Any CPU
	EndGlobalSection
	GlobalSection(SolutionProperties) = preSolution
		HideSolutionNode = FALSE
	EndGlobalSection
	GlobalSection(ExtensibilityGlobals) = postSolution
		SolutionGuid = {E64E4653-D193-44E5-B371-1F665F18E9E2}
	EndGlobalSection
EndGlobal
